# THIS IS AN AUTOGENERATED FILE. DO NOT EDIT THIS FILE DIRECTLY.
# yarn lockfile v1


notyf@^3.9.0:
  version "3.9.0"
  resolved "https://registry.yarnpkg.com/notyf/-/notyf-3.9.0.tgz#012a83d989a5017c9a37c23372ee20f78d8b33ba"
  integrity sha512-3zqV/AuP8w5OpPhUElsLte1BFfL42tswMZM5Ya24w7GozMsQTJRYsQQgqmA9oylDL3t5TE7F4rP3ZGM6JfaKOQ==
